// !$*UTF8*$!
{
	archiveVersion = 1;
	classes = {
	};
	objectVersion = 46;
	objects = {

/* Begin PBXBuildFile section */
		8D2B8C431F5295BD00656E35 /* bg_green.png in Resources */ = {isa = PBXBuildFile; fileRef = 8D2B8C3D1F5295BD00656E35 /* bg_green.png */; };
		8D2B8C441F5295BD00656E35 /* bg_green@2x.png in Resources */ = {isa = PBXBuildFile; fileRef = 8D2B8C3E1F5295BD00656E35 /* bg_green@2x.png */; };
		8D2B8C451F5295BD00656E35 /* bg_green@3x.png in Resources */ = {isa = PBXBuildFile; fileRef = 8D2B8C3F1F5295BD00656E35 /* bg_green@3x.png */; };
		8D2B8C461F5295BD00656E35 /* bg_green_light.png in Resources */ = {isa = PBXBuildFile; fileRef = 8D2B8C401F5295BD00656E35 /* bg_green_light.png */; };
		8D2B8C471F5295BD00656E35 /* bg_green_light@2x.png in Resources */ = {isa = PBXBuildFile; fileRef = 8D2B8C411F5295BD00656E35 /* bg_green_light@2x.png */; };
		8D2B8C481F5295BD00656E35 /* bg_green_light@3x.png in Resources */ = {isa = PBXBuildFile; fileRef = 8D2B8C421F5295BD00656E35 /* bg_green_light@3x.png */; };
		8D2B8C4C1F529BFD00656E35 /* bg_blue_light.png in Resources */ = {isa = PBXBuildFile; fileRef = 8D2B8C491F529BFD00656E35 /* bg_blue_light.png */; };
		8D2B8C4D1F529BFD00656E35 /* bg_blue_light@2x.png in Resources */ = {isa = PBXBuildFile; fileRef = 8D2B8C4A1F529BFD00656E35 /* bg_blue_light@2x.png */; };
		8D2B8C4E1F529BFD00656E35 /* bg_blue_light@3x.png in Resources */ = {isa = PBXBuildFile; fileRef = 8D2B8C4B1F529BFD00656E35 /* bg_blue_light@3x.png */; };
		8D2B8C521F52A00500656E35 /* bg_jamesnguyen.png in Resources */ = {isa = PBXBuildFile; fileRef = 8D2B8C4F1F52A00500656E35 /* bg_jamesnguyen.png */; };
		8D2B8C531F52A00500656E35 /* bg_jamesnguyen@2x.png in Resources */ = {isa = PBXBuildFile; fileRef = 8D2B8C501F52A00500656E35 /* bg_jamesnguyen@2x.png */; };
		8D2B8C541F52A00500656E35 /* bg_jamesnguyen@3x.png in Resources */ = {isa = PBXBuildFile; fileRef = 8D2B8C511F52A00500656E35 /* bg_jamesnguyen@3x.png */; };
		8D660A7A1F51B63700580512 /* LoginViewController.swift in Sources */ = {isa = PBXBuildFile; fileRef = 8D660A781F51B63700580512 /* LoginViewController.swift */; };
		8D660A7B1F51B63700580512 /* LoginViewController.xib in Resources */ = {isa = PBXBuildFile; fileRef = 8D660A791F51B63700580512 /* LoginViewController.xib */; };
		8D660A7E1F51B64700580512 /* RegisterViewController.swift in Sources */ = {isa = PBXBuildFile; fileRef = 8D660A7C1F51B64700580512 /* RegisterViewController.swift */; };
		8D660A7F1F51B64700580512 /* RegisterViewController.xib in Resources */ = {isa = PBXBuildFile; fileRef = 8D660A7D1F51B64700580512 /* RegisterViewController.xib */; };
		8D660A851F51B93800580512 /* Jitterable.swift in Sources */ = {isa = PBXBuildFile; fileRef = 8D660A841F51B93800580512 /* Jitterable.swift */; };
		8D660A871F51B94D00580512 /* Flashable.swift in Sources */ = {isa = PBXBuildFile; fileRef = 8D660A861F51B94D00580512 /* Flashable.swift */; };
		8D660A8A1F51B9D600580512 /* BaseButton.swift in Sources */ = {isa = PBXBuildFile; fileRef = 8D660A891F51B9D600580512 /* BaseButton.swift */; };
		8D660A8C1F51B9F900580512 /* BaseLabel.swift in Sources */ = {isa = PBXBuildFile; fileRef = 8D660A8B1F51B9F900580512 /* BaseLabel.swift */; };
		8D660A8E1F51BA2B00580512 /* BaseTextField.swift in Sources */ = {isa = PBXBuildFile; fileRef = 8D660A8D1F51BA2B00580512 /* BaseTextField.swift */; };
		8DC280ED1F4DE3B100400394 /* AppDelegate.swift in Sources */ = {isa = PBXBuildFile; fileRef = 8DC280BC1F4DE3B100400394 /* AppDelegate.swift */; };
		8DC280EE1F4DE3B100400394 /* BaseNavigationController.swift in Sources */ = {isa = PBXBuildFile; fileRef = 8DC280BE1F4DE3B100400394 /* BaseNavigationController.swift */; };
		8DC280EF1F4DE3B100400394 /* BaseViewController.swift in Sources */ = {isa = PBXBuildFile; fileRef = 8DC280BF1F4DE3B100400394 /* BaseViewController.swift */; };
		8DC280F01F4DE3B100400394 /* MainViewController.swift in Sources */ = {isa = PBXBuildFile; fileRef = 8DC280C31F4DE3B100400394 /* MainViewController.swift */; };
		8DC280F11F4DE3B100400394 /* MainViewController.xib in Resources */ = {isa = PBXBuildFile; fileRef = 8DC280C41F4DE3B100400394 /* MainViewController.xib */; };
		8DC280F21F4DE3B100400394 /* DefineStrings.swift in Sources */ = {isa = PBXBuildFile; fileRef = 8DC280C61F4DE3B100400394 /* DefineStrings.swift */; };
		8DC280F31F4DE3B100400394 /* NSObjectExtension.swift in Sources */ = {isa = PBXBuildFile; fileRef = 8DC280C81F4DE3B100400394 /* NSObjectExtension.swift */; };
		8DC280F41F4DE3B100400394 /* UITableViewCellExtension.swift in Sources */ = {isa = PBXBuildFile; fileRef = 8DC280C91F4DE3B100400394 /* UITableViewCellExtension.swift */; };
		8DC280F51F4DE3B100400394 /* UIViewControllerExtension.swift in Sources */ = {isa = PBXBuildFile; fileRef = 8DC280CA1F4DE3B100400394 /* UIViewControllerExtension.swift */; };
		8DC280F61F4DE3B100400394 /* UIViewGestureExtension.swift in Sources */ = {isa = PBXBuildFile; fileRef = 8DC280CB1F4DE3B100400394 /* UIViewGestureExtension.swift */; };
		8DC280F71F4DE3B100400394 /* MainModel.swift in Sources */ = {isa = PBXBuildFile; fileRef = 8DC280CD1F4DE3B100400394 /* MainModel.swift */; };
		8DC280F81F4DE3B100400394 /* AppColor.swift in Sources */ = {isa = PBXBuildFile; fileRef = 8DC280D01F4DE3B100400394 /* AppColor.swift */; };
		8DC280F91F4DE3B100400394 /* AppFont.swift in Sources */ = {isa = PBXBuildFile; fileRef = 8DC280D21F4DE3B100400394 /* AppFont.swift */; };
		8DC280FA1F4DE3B100400394 /* MainCell.swift in Sources */ = {isa = PBXBuildFile; fileRef = 8DC280D51F4DE3B100400394 /* MainCell.swift */; };
		8DC280FB1F4DE3B100400394 /* MainCell.xib in Resources */ = {isa = PBXBuildFile; fileRef = 8DC280D61F4DE3B100400394 /* MainCell.xib */; };
		8DC280FC1F4DE3B100400394 /* MainViewModel.swift in Sources */ = {isa = PBXBuildFile; fileRef = 8DC280D81F4DE3B100400394 /* MainViewModel.swift */; };
		8DC280FE1F4DE3B100400394 /* Assets.xcassets in Resources */ = {isa = PBXBuildFile; fileRef = 8DC280DC1F4DE3B100400394 /* Assets.xcassets */; };
		8DC280FF1F4DE3B100400394 /* LaunchScreen.storyboard in Resources */ = {isa = PBXBuildFile; fileRef = 8DC280DD1F4DE3B100400394 /* LaunchScreen.storyboard */; };
		8DC281001F4DE3B100400394 /* ic_addPerson.png in Resources */ = {isa = PBXBuildFile; fileRef = 8DC280E11F4DE3B100400394 /* ic_addPerson.png */; };
		8DC281011F4DE3B100400394 /* ic_addPerson@2x.png in Resources */ = {isa = PBXBuildFile; fileRef = 8DC280E21F4DE3B100400394 /* ic_addPerson@2x.png */; };
		8DC281021F4DE3B100400394 /* ic_addPerson@3x.png in Resources */ = {isa = PBXBuildFile; fileRef = 8DC280E31F4DE3B100400394 /* ic_addPerson@3x.png */; };
		8DC281031F4DE3B100400394 /* ic_back.png in Resources */ = {isa = PBXBuildFile; fileRef = 8DC280E41F4DE3B100400394 /* ic_back.png */; };
		8DC281041F4DE3B100400394 /* ic_back@2x.png in Resources */ = {isa = PBXBuildFile; fileRef = 8DC280E51F4DE3B100400394 /* ic_back@2x.png */; };
		8DC281051F4DE3B100400394 /* ic_back@3x.png in Resources */ = {isa = PBXBuildFile; fileRef = 8DC280E61F4DE3B100400394 /* ic_back@3x.png */; };
		8DC281061F4DE3B100400394 /* ic_manu.png in Resources */ = {isa = PBXBuildFile; fileRef = 8DC280E71F4DE3B100400394 /* ic_manu.png */; };
		8DC281071F4DE3B100400394 /* ic_manu@2x.png in Resources */ = {isa = PBXBuildFile; fileRef = 8DC280E81F4DE3B100400394 /* ic_manu@2x.png */; };
		8DC281081F4DE3B100400394 /* ic_manu@3x.png in Resources */ = {isa = PBXBuildFile; fileRef = 8DC280E91F4DE3B100400394 /* ic_manu@3x.png */; };
		8DC281091F4DE3B100400394 /* ic_premier_league.png in Resources */ = {isa = PBXBuildFile; fileRef = 8DC280EA1F4DE3B100400394 /* ic_premier_league.png */; };
		8DC2810A1F4DE3B100400394 /* ic_premier_league@2x.png in Resources */ = {isa = PBXBuildFile; fileRef = 8DC280EB1F4DE3B100400394 /* ic_premier_league@2x.png */; };
		8DC2810B1F4DE3B100400394 /* ic_premier_league@3x.png in Resources */ = {isa = PBXBuildFile; fileRef = 8DC280EC1F4DE3B100400394 /* ic_premier_league@3x.png */; };
		8DE4AE1A1F53D21500ACBCED /* BaseView.swift in Sources */ = {isa = PBXBuildFile; fileRef = 8DE4AE191F53D21500ACBCED /* BaseView.swift */; };
		8DE4AE1E1F53F41A00ACBCED /* ic_app.png in Resources */ = {isa = PBXBuildFile; fileRef = 8DE4AE1B1F53F41A00ACBCED /* ic_app.png */; };
		8DE4AE1F1F53F41A00ACBCED /* ic_app@2x.png in Resources */ = {isa = PBXBuildFile; fileRef = 8DE4AE1C1F53F41A00ACBCED /* ic_app@2x.png */; };
		8DE4AE201F53F41A00ACBCED /* ic_app@3x.png in Resources */ = {isa = PBXBuildFile; fileRef = 8DE4AE1D1F53F41A00ACBCED /* ic_app@3x.png */; };
		8DE4AE2A1F53FB9100ACBCED /* ic_twitter.png in Resources */ = {isa = PBXBuildFile; fileRef = 8DE4AE271F53FB9100ACBCED /* ic_twitter.png */; };
		8DE4AE2B1F53FB9100ACBCED /* ic_twitter@2x.png in Resources */ = {isa = PBXBuildFile; fileRef = 8DE4AE281F53FB9100ACBCED /* ic_twitter@2x.png */; };
		8DE4AE2C1F53FB9100ACBCED /* ic_twitter@3x.png in Resources */ = {isa = PBXBuildFile; fileRef = 8DE4AE291F53FB9100ACBCED /* ic_twitter@3x.png */; };
		8DE4AE301F53FCE700ACBCED /* ic_twitter2.png in Resources */ = {isa = PBXBuildFile; fileRef = 8DE4AE2D1F53FCE700ACBCED /* ic_twitter2.png */; };
		8DE4AE311F53FCE700ACBCED /* ic_twitter2@2x.png in Resources */ = {isa = PBXBuildFile; fileRef = 8DE4AE2E1F53FCE700ACBCED /* ic_twitter2@2x.png */; };
		8DE4AE321F53FCE700ACBCED /* ic_twitter2@3x.png in Resources */ = {isa = PBXBuildFile; fileRef = 8DE4AE2F1F53FCE700ACBCED /* ic_twitter2@3x.png */; };
/* End PBXBuildFile section */

/* Begin PBXFileReference section */
		8D2B8C3D1F5295BD00656E35 /* bg_green.png */ = {isa = PBXFileReference; lastKnownFileType = image.png; path = bg_green.png; sourceTree = "<group>"; };
		8D2B8C3E1F5295BD00656E35 /* bg_green@2x.png */ = {isa = PBXFileReference; lastKnownFileType = image.png; path = "bg_green@2x.png"; sourceTree = "<group>"; };
		8D2B8C3F1F5295BD00656E35 /* bg_green@3x.png */ = {isa = PBXFileReference; lastKnownFileType = image.png; path = "bg_green@3x.png"; sourceTree = "<group>"; };
		8D2B8C401F5295BD00656E35 /* bg_green_light.png */ = {isa = PBXFileReference; lastKnownFileType = image.png; path = bg_green_light.png; sourceTree = "<group>"; };
		8D2B8C411F5295BD00656E35 /* bg_green_light@2x.png */ = {isa = PBXFileReference; lastKnownFileType = image.png; path = "bg_green_light@2x.png"; sourceTree = "<group>"; };
		8D2B8C421F5295BD00656E35 /* bg_green_light@3x.png */ = {isa = PBXFileReference; lastKnownFileType = image.png; path = "bg_green_light@3x.png"; sourceTree = "<group>"; };
		8D2B8C491F529BFD00656E35 /* bg_blue_light.png */ = {isa = PBXFileReference; lastKnownFileType = image.png; path = bg_blue_light.png; sourceTree = "<group>"; };
		8D2B8C4A1F529BFD00656E35 /* bg_blue_light@2x.png */ = {isa = PBXFileReference; lastKnownFileType = image.png; path = "bg_blue_light@2x.png"; sourceTree = "<group>"; };
		8D2B8C4B1F529BFD00656E35 /* bg_blue_light@3x.png */ = {isa = PBXFileReference; lastKnownFileType = image.png; path = "bg_blue_light@3x.png"; sourceTree = "<group>"; };
		8D2B8C4F1F52A00500656E35 /* bg_jamesnguyen.png */ = {isa = PBXFileReference; lastKnownFileType = image.png; path = bg_jamesnguyen.png; sourceTree = "<group>"; };
		8D2B8C501F52A00500656E35 /* bg_jamesnguyen@2x.png */ = {isa = PBXFileReference; lastKnownFileType = image.png; path = "bg_jamesnguyen@2x.png"; sourceTree = "<group>"; };
		8D2B8C511F52A00500656E35 /* bg_jamesnguyen@3x.png */ = {isa = PBXFileReference; lastKnownFileType = image.png; path = "bg_jamesnguyen@3x.png"; sourceTree = "<group>"; };
		8D660A781F51B63700580512 /* LoginViewController.swift */ = {isa = PBXFileReference; fileEncoding = 4; lastKnownFileType = sourcecode.swift; path = LoginViewController.swift; sourceTree = "<group>"; };
		8D660A791F51B63700580512 /* LoginViewController.xib */ = {isa = PBXFileReference; fileEncoding = 4; lastKnownFileType = file.xib; path = LoginViewController.xib; sourceTree = "<group>"; };
		8D660A7C1F51B64700580512 /* RegisterViewController.swift */ = {isa = PBXFileReference; fileEncoding = 4; lastKnownFileType = sourcecode.swift; path = RegisterViewController.swift; sourceTree = "<group>"; };
		8D660A7D1F51B64700580512 /* RegisterViewController.xib */ = {isa = PBXFileReference; fileEncoding = 4; lastKnownFileType = file.xib; path = RegisterViewController.xib; sourceTree = "<group>"; };
		8D660A841F51B93800580512 /* Jitterable.swift */ = {isa = PBXFileReference; fileEncoding = 4; lastKnownFileType = sourcecode.swift; path = Jitterable.swift; sourceTree = "<group>"; };
		8D660A861F51B94D00580512 /* Flashable.swift */ = {isa = PBXFileReference; fileEncoding = 4; lastKnownFileType = sourcecode.swift; path = Flashable.swift; sourceTree = "<group>"; };
		8D660A891F51B9D600580512 /* BaseButton.swift */ = {isa = PBXFileReference; fileEncoding = 4; lastKnownFileType = sourcecode.swift; path = BaseButton.swift; sourceTree = "<group>"; };
		8D660A8B1F51B9F900580512 /* BaseLabel.swift */ = {isa = PBXFileReference; fileEncoding = 4; lastKnownFileType = sourcecode.swift; path = BaseLabel.swift; sourceTree = "<group>"; };
		8D660A8D1F51BA2B00580512 /* BaseTextField.swift */ = {isa = PBXFileReference; fileEncoding = 4; lastKnownFileType = sourcecode.swift; path = BaseTextField.swift; sourceTree = "<group>"; };
		8DC280A51F4DE2E600400394 /* Camelia.app */ = {isa = PBXFileReference; explicitFileType = wrapper.application; includeInIndex = 0; path = Camelia.app; sourceTree = BUILT_PRODUCTS_DIR; };
		8DC280BC1F4DE3B100400394 /* AppDelegate.swift */ = {isa = PBXFileReference; fileEncoding = 4; lastKnownFileType = sourcecode.swift; path = AppDelegate.swift; sourceTree = "<group>"; };
		8DC280BE1F4DE3B100400394 /* BaseNavigationController.swift */ = {isa = PBXFileReference; fileEncoding = 4; lastKnownFileType = sourcecode.swift; path = BaseNavigationController.swift; sourceTree = "<group>"; };
		8DC280BF1F4DE3B100400394 /* BaseViewController.swift */ = {isa = PBXFileReference; fileEncoding = 4; lastKnownFileType = sourcecode.swift; path = BaseViewController.swift; sourceTree = "<group>"; };
		8DC280C31F4DE3B100400394 /* MainViewController.swift */ = {isa = PBXFileReference; fileEncoding = 4; lastKnownFileType = sourcecode.swift; path = MainViewController.swift; sourceTree = "<group>"; };
		8DC280C41F4DE3B100400394 /* MainViewController.xib */ = {isa = PBXFileReference; fileEncoding = 4; lastKnownFileType = file.xib; path = MainViewController.xib; sourceTree = "<group>"; };
		8DC280C61F4DE3B100400394 /* DefineStrings.swift */ = {isa = PBXFileReference; fileEncoding = 4; lastKnownFileType = sourcecode.swift; path = DefineStrings.swift; sourceTree = "<group>"; };
		8DC280C81F4DE3B100400394 /* NSObjectExtension.swift */ = {isa = PBXFileReference; fileEncoding = 4; lastKnownFileType = sourcecode.swift; path = NSObjectExtension.swift; sourceTree = "<group>"; };
		8DC280C91F4DE3B100400394 /* UITableViewCellExtension.swift */ = {isa = PBXFileReference; fileEncoding = 4; lastKnownFileType = sourcecode.swift; path = UITableViewCellExtension.swift; sourceTree = "<group>"; };
		8DC280CA1F4DE3B100400394 /* UIViewControllerExtension.swift */ = {isa = PBXFileReference; fileEncoding = 4; lastKnownFileType = sourcecode.swift; path = UIViewControllerExtension.swift; sourceTree = "<group>"; };
		8DC280CB1F4DE3B100400394 /* UIViewGestureExtension.swift */ = {isa = PBXFileReference; fileEncoding = 4; lastKnownFileType = sourcecode.swift; path = UIViewGestureExtension.swift; sourceTree = "<group>"; };
		8DC280CD1F4DE3B100400394 /* MainModel.swift */ = {isa = PBXFileReference; fileEncoding = 4; lastKnownFileType = sourcecode.swift; path = MainModel.swift; sourceTree = "<group>"; };
		8DC280D01F4DE3B100400394 /* AppColor.swift */ = {isa = PBXFileReference; fileEncoding = 4; lastKnownFileType = sourcecode.swift; path = AppColor.swift; sourceTree = "<group>"; };
		8DC280D21F4DE3B100400394 /* AppFont.swift */ = {isa = PBXFileReference; fileEncoding = 4; lastKnownFileType = sourcecode.swift; path = AppFont.swift; sourceTree = "<group>"; };
		8DC280D51F4DE3B100400394 /* MainCell.swift */ = {isa = PBXFileReference; fileEncoding = 4; lastKnownFileType = sourcecode.swift; path = MainCell.swift; sourceTree = "<group>"; };
		8DC280D61F4DE3B100400394 /* MainCell.xib */ = {isa = PBXFileReference; fileEncoding = 4; lastKnownFileType = file.xib; path = MainCell.xib; sourceTree = "<group>"; };
		8DC280D81F4DE3B100400394 /* MainViewModel.swift */ = {isa = PBXFileReference; fileEncoding = 4; lastKnownFileType = sourcecode.swift; path = MainViewModel.swift; sourceTree = "<group>"; };
		8DC280DA1F4DE3B100400394 /* Info.plist */ = {isa = PBXFileReference; fileEncoding = 4; lastKnownFileType = text.plist.xml; path = Info.plist; sourceTree = "<group>"; };
		8DC280DC1F4DE3B100400394 /* Assets.xcassets */ = {isa = PBXFileReference; lastKnownFileType = folder.assetcatalog; path = Assets.xcassets; sourceTree = "<group>"; };
		8DC280DE1F4DE3B100400394 /* Base */ = {isa = PBXFileReference; lastKnownFileType = file.storyboard; name = Base; path = Base.lproj/LaunchScreen.storyboard; sourceTree = "<group>"; };
		8DC280E11F4DE3B100400394 /* ic_addPerson.png */ = {isa = PBXFileReference; lastKnownFileType = image.png; path = ic_addPerson.png; sourceTree = "<group>"; };
		8DC280E21F4DE3B100400394 /* ic_addPerson@2x.png */ = {isa = PBXFileReference; lastKnownFileType = image.png; path = "ic_addPerson@2x.png"; sourceTree = "<group>"; };
		8DC280E31F4DE3B100400394 /* ic_addPerson@3x.png */ = {isa = PBXFileReference; lastKnownFileType = image.png; path = "ic_addPerson@3x.png"; sourceTree = "<group>"; };
		8DC280E41F4DE3B100400394 /* ic_back.png */ = {isa = PBXFileReference; lastKnownFileType = image.png; path = ic_back.png; sourceTree = "<group>"; };
		8DC280E51F4DE3B100400394 /* ic_back@2x.png */ = {isa = PBXFileReference; lastKnownFileType = image.png; path = "ic_back@2x.png"; sourceTree = "<group>"; };
		8DC280E61F4DE3B100400394 /* ic_back@3x.png */ = {isa = PBXFileReference; lastKnownFileType = image.png; path = "ic_back@3x.png"; sourceTree = "<group>"; };
		8DC280E71F4DE3B100400394 /* ic_manu.png */ = {isa = PBXFileReference; lastKnownFileType = image.png; path = ic_manu.png; sourceTree = "<group>"; };
		8DC280E81F4DE3B100400394 /* ic_manu@2x.png */ = {isa = PBXFileReference; lastKnownFileType = image.png; path = "ic_manu@2x.png"; sourceTree = "<group>"; };
		8DC280E91F4DE3B100400394 /* ic_manu@3x.png */ = {isa = PBXFileReference; lastKnownFileType = image.png; path = "ic_manu@3x.png"; sourceTree = "<group>"; };
		8DC280EA1F4DE3B100400394 /* ic_premier_league.png */ = {isa = PBXFileReference; lastKnownFileType = image.png; path = ic_premier_league.png; sourceTree = "<group>"; };
		8DC280EB1F4DE3B100400394 /* ic_premier_league@2x.png */ = {isa = PBXFileReference; lastKnownFileType = image.png; path = "ic_premier_league@2x.png"; sourceTree = "<group>"; };
		8DC280EC1F4DE3B100400394 /* ic_premier_league@3x.png */ = {isa = PBXFileReference; lastKnownFileType = image.png; path = "ic_premier_league@3x.png"; sourceTree = "<group>"; };
		8DE4AE191F53D21500ACBCED /* BaseView.swift */ = {isa = PBXFileReference; fileEncoding = 4; lastKnownFileType = sourcecode.swift; path = BaseView.swift; sourceTree = "<group>"; };
		8DE4AE1B1F53F41A00ACBCED /* ic_app.png */ = {isa = PBXFileReference; lastKnownFileType = image.png; path = ic_app.png; sourceTree = "<group>"; };
		8DE4AE1C1F53F41A00ACBCED /* ic_app@2x.png */ = {isa = PBXFileReference; lastKnownFileType = image.png; path = "ic_app@2x.png"; sourceTree = "<group>"; };
		8DE4AE1D1F53F41A00ACBCED /* ic_app@3x.png */ = {isa = PBXFileReference; lastKnownFileType = image.png; path = "ic_app@3x.png"; sourceTree = "<group>"; };
		8DE4AE271F53FB9100ACBCED /* ic_twitter.png */ = {isa = PBXFileReference; lastKnownFileType = image.png; path = ic_twitter.png; sourceTree = "<group>"; };
		8DE4AE281F53FB9100ACBCED /* ic_twitter@2x.png */ = {isa = PBXFileReference; lastKnownFileType = image.png; path = "ic_twitter@2x.png"; sourceTree = "<group>"; };
		8DE4AE291F53FB9100ACBCED /* ic_twitter@3x.png */ = {isa = PBXFileReference; lastKnownFileType = image.png; path = "ic_twitter@3x.png"; sourceTree = "<group>"; };
		8DE4AE2D1F53FCE700ACBCED /* ic_twitter2.png */ = {isa = PBXFileReference; lastKnownFileType = image.png; path = ic_twitter2.png; sourceTree = "<group>"; };
		8DE4AE2E1F53FCE700ACBCED /* ic_twitter2@2x.png */ = {isa = PBXFileReference; lastKnownFileType = image.png; path = "ic_twitter2@2x.png"; sourceTree = "<group>"; };
		8DE4AE2F1F53FCE700ACBCED /* ic_twitter2@3x.png */ = {isa = PBXFileReference; lastKnownFileType = image.png; path = "ic_twitter2@3x.png"; sourceTree = "<group>"; };
/* End PBXFileReference section */

/* Begin PBXFrameworksBuildPhase section */
		8DC280A21F4DE2E600400394 /* Frameworks */ = {
			isa = PBXFrameworksBuildPhase;
			buildActionMask = 2147483647;
			files = (
			);
			runOnlyForDeploymentPostprocessing = 0;
		};
/* End PBXFrameworksBuildPhase section */

/* Begin PBXGroup section */
		8D2B8C3C1F5295BD00656E35 /* Background */ = {
			isa = PBXGroup;
			children = (
				8D2B8C4F1F52A00500656E35 /* bg_jamesnguyen.png */,
				8D2B8C501F52A00500656E35 /* bg_jamesnguyen@2x.png */,
				8D2B8C511F52A00500656E35 /* bg_jamesnguyen@3x.png */,
				8D2B8C491F529BFD00656E35 /* bg_blue_light.png */,
				8D2B8C4A1F529BFD00656E35 /* bg_blue_light@2x.png */,
				8D2B8C4B1F529BFD00656E35 /* bg_blue_light@3x.png */,
				8D2B8C3D1F5295BD00656E35 /* bg_green.png */,
				8D2B8C3E1F5295BD00656E35 /* bg_green@2x.png */,
				8D2B8C3F1F5295BD00656E35 /* bg_green@3x.png */,
				8D2B8C401F5295BD00656E35 /* bg_green_light.png */,
				8D2B8C411F5295BD00656E35 /* bg_green_light@2x.png */,
				8D2B8C421F5295BD00656E35 /* bg_green_light@3x.png */,
			);
			path = Background;
			sourceTree = "<group>";
		};
		8D660A801F51B8B100580512 /* Protocols */ = {
			isa = PBXGroup;
			children = (
				8D660A831F51B93800580512 /* Animations */,
			);
			path = Protocols;
			sourceTree = "<group>";
		};
		8D660A831F51B93800580512 /* Animations */ = {
			isa = PBXGroup;
			children = (
				8D660A841F51B93800580512 /* Jitterable.swift */,
				8D660A861F51B94D00580512 /* Flashable.swift */,
			);
			path = Animations;
			sourceTree = "<group>";
		};
		8D660A881F51B9BF00580512 /* Components */ = {
			isa = PBXGroup;
			children = (
				8D660A891F51B9D600580512 /* BaseButton.swift */,
				8D660A8B1F51B9F900580512 /* BaseLabel.swift */,
				8D660A8D1F51BA2B00580512 /* BaseTextField.swift */,
				8DE4AE191F53D21500ACBCED /* BaseView.swift */,
			);
			path = Components;
			sourceTree = "<group>";
		};
		8DC2809C1F4DE2E600400394 = {
			isa = PBXGroup;
			children = (
				8DC280A71F4DE2E600400394 /* Camelia */,
				8DC280A61F4DE2E600400394 /* Products */,
			);
			sourceTree = "<group>";
		};
		8DC280A61F4DE2E600400394 /* Products */ = {
			isa = PBXGroup;
			children = (
				8DC280A51F4DE2E600400394 /* Camelia.app */,
			);
			name = Products;
			sourceTree = "<group>";
		};
		8DC280A71F4DE2E600400394 /* Camelia */ = {
			isa = PBXGroup;
			children = (
				8DC280BA1F4DE3B100400394 /* Classes */,
				8DC280D91F4DE3B100400394 /* Main */,
				8DC280DB1F4DE3B100400394 /* Resource */,
			);
			path = Camelia;
			sourceTree = "<group>";
		};
		8DC280BA1F4DE3B100400394 /* Classes */ = {
			isa = PBXGroup;
			children = (
				8D660A801F51B8B100580512 /* Protocols */,
				8DC280BB1F4DE3B100400394 /* AppDelegate */,
				8DC280BD1F4DE3B100400394 /* Base */,
				8DC280C01F4DE3B100400394 /* Controller */,
				8DC280C51F4DE3B100400394 /* Defines */,
				8DC280C71F4DE3B100400394 /* Extension */,
				8DC280CC1F4DE3B100400394 /* Model */,
				8DC280CE1F4DE3B100400394 /* Utils */,
				8DC280D31F4DE3B100400394 /* View */,
				8DC280D71F4DE3B100400394 /* ViewModel */,
			);
			path = Classes;
			sourceTree = "<group>";
		};
		8DC280BB1F4DE3B100400394 /* AppDelegate */ = {
			isa = PBXGroup;
			children = (
				8DC280BC1F4DE3B100400394 /* AppDelegate.swift */,
			);
			path = AppDelegate;
			sourceTree = "<group>";
		};
		8DC280BD1F4DE3B100400394 /* Base */ = {
			isa = PBXGroup;
			children = (
				8D660A881F51B9BF00580512 /* Components */,
				8DC280BE1F4DE3B100400394 /* BaseNavigationController.swift */,
				8DC280BF1F4DE3B100400394 /* BaseViewController.swift */,
			);
			path = Base;
			sourceTree = "<group>";
		};
		8DC280C01F4DE3B100400394 /* Controller */ = {
			isa = PBXGroup;
			children = (
				8DC280C11F4DE3B100400394 /* Authentication */,
				8DC280C21F4DE3B100400394 /* MainViewController */,
			);
			path = Controller;
			sourceTree = "<group>";
		};
		8DC280C11F4DE3B100400394 /* Authentication */ = {
			isa = PBXGroup;
			children = (
				8D660A781F51B63700580512 /* LoginViewController.swift */,
				8D660A791F51B63700580512 /* LoginViewController.xib */,
				8D660A7C1F51B64700580512 /* RegisterViewController.swift */,
				8D660A7D1F51B64700580512 /* RegisterViewController.xib */,
			);
			path = Authentication;
			sourceTree = "<group>";
		};
		8DC280C21F4DE3B100400394 /* MainViewController */ = {
			isa = PBXGroup;
			children = (
				8DC280C31F4DE3B100400394 /* MainViewController.swift */,
				8DC280C41F4DE3B100400394 /* MainViewController.xib */,
			);
			path = MainViewController;
			sourceTree = "<group>";
		};
		8DC280C51F4DE3B100400394 /* Defines */ = {
			isa = PBXGroup;
			children = (
				8DC280C61F4DE3B100400394 /* DefineStrings.swift */,
			);
			path = Defines;
			sourceTree = "<group>";
		};
		8DC280C71F4DE3B100400394 /* Extension */ = {
			isa = PBXGroup;
			children = (
				8DC280C81F4DE3B100400394 /* NSObjectExtension.swift */,
				8DC280C91F4DE3B100400394 /* UITableViewCellExtension.swift */,
				8DC280CA1F4DE3B100400394 /* UIViewControllerExtension.swift */,
				8DC280CB1F4DE3B100400394 /* UIViewGestureExtension.swift */,
			);
			path = Extension;
			sourceTree = "<group>";
		};
		8DC280CC1F4DE3B100400394 /* Model */ = {
			isa = PBXGroup;
			children = (
				8DC280CD1F4DE3B100400394 /* MainModel.swift */,
			);
			path = Model;
			sourceTree = "<group>";
		};
		8DC280CE1F4DE3B100400394 /* Utils */ = {
			isa = PBXGroup;
			children = (
				8DC280CF1F4DE3B100400394 /* Color */,
				8DC280D11F4DE3B100400394 /* Font */,
			);
			path = Utils;
			sourceTree = "<group>";
		};
		8DC280CF1F4DE3B100400394 /* Color */ = {
			isa = PBXGroup;
			children = (
				8DC280D01F4DE3B100400394 /* AppColor.swift */,
			);
			path = Color;
			sourceTree = "<group>";
		};
		8DC280D11F4DE3B100400394 /* Font */ = {
			isa = PBXGroup;
			children = (
				8DC280D21F4DE3B100400394 /* AppFont.swift */,
			);
			path = Font;
			sourceTree = "<group>";
		};
		8DC280D31F4DE3B100400394 /* View */ = {
			isa = PBXGroup;
			children = (
				8DC280D41F4DE3B100400394 /* Cells */,
			);
			path = View;
			sourceTree = "<group>";
		};
		8DC280D41F4DE3B100400394 /* Cells */ = {
			isa = PBXGroup;
			children = (
				8DC280D51F4DE3B100400394 /* MainCell.swift */,
				8DC280D61F4DE3B100400394 /* MainCell.xib */,
			);
			path = Cells;
			sourceTree = "<group>";
		};
		8DC280D71F4DE3B100400394 /* ViewModel */ = {
			isa = PBXGroup;
			children = (
				8DC280D81F4DE3B100400394 /* MainViewModel.swift */,
			);
			path = ViewModel;
			sourceTree = "<group>";
		};
		8DC280D91F4DE3B100400394 /* Main */ = {
			isa = PBXGroup;
			children = (
				8DC280DA1F4DE3B100400394 /* Info.plist */,
			);
			path = Main;
			sourceTree = "<group>";
		};
		8DC280DB1F4DE3B100400394 /* Resource */ = {
			isa = PBXGroup;
			children = (
				8DC280DC1F4DE3B100400394 /* Assets.xcassets */,
				8DC280DD1F4DE3B100400394 /* LaunchScreen.storyboard */,
				8DC280DF1F4DE3B100400394 /* Images */,
			);
			path = Resource;
			sourceTree = "<group>";
		};
		8DC280DF1F4DE3B100400394 /* Images */ = {
			isa = PBXGroup;
			children = (
				8D2B8C3C1F5295BD00656E35 /* Background */,
				8DC280E01F4DE3B100400394 /* Icons */,
			);
			path = Images;
			sourceTree = "<group>";
		};
		8DC280E01F4DE3B100400394 /* Icons */ = {
			isa = PBXGroup;
			children = (
				8DE4AE2D1F53FCE700ACBCED /* ic_twitter2.png */,
				8DE4AE2E1F53FCE700ACBCED /* ic_twitter2@2x.png */,
				8DE4AE2F1F53FCE700ACBCED /* ic_twitter2@3x.png */,
				8DE4AE271F53FB9100ACBCED /* ic_twitter.png */,
				8DE4AE281F53FB9100ACBCED /* ic_twitter@2x.png */,
				8DE4AE291F53FB9100ACBCED /* ic_twitter@3x.png */,
				8DE4AE1B1F53F41A00ACBCED /* ic_app.png */,
				8DE4AE1C1F53F41A00ACBCED /* ic_app@2x.png */,
				8DE4AE1D1F53F41A00ACBCED /* ic_app@3x.png */,
				8DC280E11F4DE3B100400394 /* ic_addPerson.png */,
				8DC280E21F4DE3B100400394 /* ic_addPerson@2x.png */,
				8DC280E31F4DE3B100400394 /* ic_addPerson@3x.png */,
				8DC280E41F4DE3B100400394 /* ic_back.png */,
				8DC280E51F4DE3B100400394 /* ic_back@2x.png */,
				8DC280E61F4DE3B100400394 /* ic_back@3x.png */,
				8DC280E71F4DE3B100400394 /* ic_manu.png */,
				8DC280E81F4DE3B100400394 /* ic_manu@2x.png */,
				8DC280E91F4DE3B100400394 /* ic_manu@3x.png */,
				8DC280EA1F4DE3B100400394 /* ic_premier_league.png */,
				8DC280EB1F4DE3B100400394 /* ic_premier_league@2x.png */,
				8DC280EC1F4DE3B100400394 /* ic_premier_league@3x.png */,
			);
			path = Icons;
			sourceTree = "<group>";
		};
/* End PBXGroup section */

/* Begin PBXNativeTarget section */
		8DC280A41F4DE2E600400394 /* Camelia */ = {
			isa = PBXNativeTarget;
			buildConfigurationList = 8DC280B71F4DE2E600400394 /* Build configuration list for PBXNativeTarget "Camelia" */;
			buildPhases = (
				8DC280A11F4DE2E600400394 /* Sources */,
				8DC280A21F4DE2E600400394 /* Frameworks */,
				8DC280A31F4DE2E600400394 /* Resources */,
			);
			buildRules = (
			);
			dependencies = (
			);
			name = Camelia;
			productName = Camelia;
			productReference = 8DC280A51F4DE2E600400394 /* Camelia.app */;
			productType = "com.apple.product-type.application";
		};
/* End PBXNativeTarget section */

/* Begin PBXProject section */
		8DC2809D1F4DE2E600400394 /* Project object */ = {
			isa = PBXProject;
			attributes = {
				LastSwiftUpdateCheck = 0830;
				LastUpgradeCheck = 0830;
				ORGANIZATIONNAME = "James Nguyen";
				TargetAttributes = {
					8DC280A41F4DE2E600400394 = {
						CreatedOnToolsVersion = 8.3.3;
						DevelopmentTeam = MJH3NZ4PKT;
						ProvisioningStyle = Automatic;
					};
				};
			};
			buildConfigurationList = 8DC280A01F4DE2E600400394 /* Build configuration list for PBXProject "Camelia" */;
			compatibilityVersion = "Xcode 3.2";
			developmentRegion = English;
			hasScannedForEncodings = 0;
			knownRegions = (
				en,
				Base,
			);
			mainGroup = 8DC2809C1F4DE2E600400394;
			productRefGroup = 8DC280A61F4DE2E600400394 /* Products */;
			projectDirPath = "";
			projectRoot = "";
			targets = (
				8DC280A41F4DE2E600400394 /* Camelia */,
			);
		};
/* End PBXProject section */

/* Begin PBXResourcesBuildPhase section */
		8DC280A31F4DE2E600400394 /* Resources */ = {
			isa = PBXResourcesBuildPhase;
			buildActionMask = 2147483647;
			files = (
				8DC281081F4DE3B100400394 /* ic_manu@3x.png in Resources */,
				8DE4AE311F53FCE700ACBCED /* ic_twitter2@2x.png in Resources */,
				8DE4AE2C1F53FB9100ACBCED /* ic_twitter@3x.png in Resources */,
				8D2B8C441F5295BD00656E35 /* bg_green@2x.png in Resources */,
				8DC281051F4DE3B100400394 /* ic_back@3x.png in Resources */,
				8DE4AE301F53FCE700ACBCED /* ic_twitter2.png in Resources */,
				8DC280FB1F4DE3B100400394 /* MainCell.xib in Resources */,
				8D2B8C4C1F529BFD00656E35 /* bg_blue_light.png in Resources */,
				8DE4AE2A1F53FB9100ACBCED /* ic_twitter.png in Resources */,
				8DC281091F4DE3B100400394 /* ic_premier_league.png in Resources */,
				8D2B8C4D1F529BFD00656E35 /* bg_blue_light@2x.png in Resources */,
				8DE4AE1E1F53F41A00ACBCED /* ic_app.png in Resources */,
				8DC281061F4DE3B100400394 /* ic_manu.png in Resources */,
				8D660A7F1F51B64700580512 /* RegisterViewController.xib in Resources */,
				8DC280F11F4DE3B100400394 /* MainViewController.xib in Resources */,
				8DC2810A1F4DE3B100400394 /* ic_premier_league@2x.png in Resources */,
				8DE4AE321F53FCE700ACBCED /* ic_twitter2@3x.png in Resources */,
				8DE4AE2B1F53FB9100ACBCED /* ic_twitter@2x.png in Resources */,
				8DC280FE1F4DE3B100400394 /* Assets.xcassets in Resources */,
				8D660A7B1F51B63700580512 /* LoginViewController.xib in Resources */,
				8D2B8C531F52A00500656E35 /* bg_jamesnguyen@2x.png in Resources */,
				8DE4AE201F53F41A00ACBCED /* ic_app@3x.png in Resources */,
				8D2B8C481F5295BD00656E35 /* bg_green_light@3x.png in Resources */,
				8DC281041F4DE3B100400394 /* ic_back@2x.png in Resources */,
				8DC281031F4DE3B100400394 /* ic_back.png in Resources */,
				8DC281011F4DE3B100400394 /* ic_addPerson@2x.png in Resources */,
				8D2B8C431F5295BD00656E35 /* bg_green.png in Resources */,
				8DC281021F4DE3B100400394 /* ic_addPerson@3x.png in Resources */,
				8DC280FF1F4DE3B100400394 /* LaunchScreen.storyboard in Resources */,
				8DE4AE1F1F53F41A00ACBCED /* ic_app@2x.png in Resources */,
				8DC2810B1F4DE3B100400394 /* ic_premier_league@3x.png in Resources */,
				8D2B8C451F5295BD00656E35 /* bg_green@3x.png in Resources */,
				8D2B8C541F52A00500656E35 /* bg_jamesnguyen@3x.png in Resources */,
				8DC281001F4DE3B100400394 /* ic_addPerson.png in Resources */,
				8D2B8C521F52A00500656E35 /* bg_jamesnguyen.png in Resources */,
				8DC281071F4DE3B100400394 /* ic_manu@2x.png in Resources */,
				8D2B8C471F5295BD00656E35 /* bg_green_light@2x.png in Resources */,
				8D2B8C4E1F529BFD00656E35 /* bg_blue_light@3x.png in Resources */,
				8D2B8C461F5295BD00656E35 /* bg_green_light.png in Resources */,
			);
			runOnlyForDeploymentPostprocessing = 0;
		};
/* End PBXResourcesBuildPhase section */

/* Begin PBXSourcesBuildPhase section */
		8DC280A11F4DE2E600400394 /* Sources */ = {
			isa = PBXSourcesBuildPhase;
			buildActionMask = 2147483647;
			files = (
				8DC280EE1F4DE3B100400394 /* BaseNavigationController.swift in Sources */,
				8DC280F61F4DE3B100400394 /* UIViewGestureExtension.swift in Sources */,
				8DC280F31F4DE3B100400394 /* NSObjectExtension.swift in Sources */,
				8D660A7A1F51B63700580512 /* LoginViewController.swift in Sources */,
				8D660A871F51B94D00580512 /* Flashable.swift in Sources */,
				8DC280ED1F4DE3B100400394 /* AppDelegate.swift in Sources */,
				8DC280F21F4DE3B100400394 /* DefineStrings.swift in Sources */,
				8DC280FA1F4DE3B100400394 /* MainCell.swift in Sources */,
				8DC280F51F4DE3B100400394 /* UIViewControllerExtension.swift in Sources */,
				8DE4AE1A1F53D21500ACBCED /* BaseView.swift in Sources */,
				8D660A8E1F51BA2B00580512 /* BaseTextField.swift in Sources */,
				8D660A8C1F51B9F900580512 /* BaseLabel.swift in Sources */,
				8D660A8A1F51B9D600580512 /* BaseButton.swift in Sources */,
				8DC280FC1F4DE3B100400394 /* MainViewModel.swift in Sources */,
				8DC280F41F4DE3B100400394 /* UITableViewCellExtension.swift in Sources */,
				8D660A851F51B93800580512 /* Jitterable.swift in Sources */,
				8DC280EF1F4DE3B100400394 /* BaseViewController.swift in Sources */,
				8D660A7E1F51B64700580512 /* RegisterViewController.swift in Sources */,
				8DC280F91F4DE3B100400394 /* AppFont.swift in Sources */,
				8DC280F71F4DE3B100400394 /* MainModel.swift in Sources */,
				8DC280F81F4DE3B100400394 /* AppColor.swift in Sources */,
				8DC280F01F4DE3B100400394 /* MainViewController.swift in Sources */,
			);
			runOnlyForDeploymentPostprocessing = 0;
		};
/* End PBXSourcesBuildPhase section */

/* Begin PBXVariantGroup section */
		8DC280DD1F4DE3B100400394 /* LaunchScreen.storyboard */ = {
			isa = PBXVariantGroup;
			children = (
				8DC280DE1F4DE3B100400394 /* Base */,
			);
			name = LaunchScreen.storyboard;
			sourceTree = "<group>";
		};
/* End PBXVariantGroup section */

/* Begin XCBuildConfiguration section */
		8DC280B51F4DE2E600400394 /* Debug */ = {
			isa = XCBuildConfiguration;
			buildSettings = {
				ALWAYS_SEARCH_USER_PATHS = NO;
				CLANG_ANALYZER_NONNULL = YES;
				CLANG_ANALYZER_NUMBER_OBJECT_CONVERSION = YES_AGGRESSIVE;
				CLANG_CXX_LANGUAGE_STANDARD = "gnu++0x";
				CLANG_CXX_LIBRARY = "libc++";
				CLANG_ENABLE_MODULES = YES;
				CLANG_ENABLE_OBJC_ARC = YES;
				CLANG_WARN_BOOL_CONVERSION = YES;
				CLANG_WARN_CONSTANT_CONVERSION = YES;
				CLANG_WARN_DIRECT_OBJC_ISA_USAGE = YES_ERROR;
				CLANG_WARN_DOCUMENTATION_COMMENTS = YES;
				CLANG_WARN_EMPTY_BODY = YES;
				CLANG_WARN_ENUM_CONVERSION = YES;
				CLANG_WARN_INFINITE_RECURSION = YES;
				CLANG_WARN_INT_CONVERSION = YES;
				CLANG_WARN_OBJC_ROOT_CLASS = YES_ERROR;
				CLANG_WARN_SUSPICIOUS_MOVE = YES;
				CLANG_WARN_UNREACHABLE_CODE = YES;
				CLANG_WARN__DUPLICATE_METHOD_MATCH = YES;
				"CODE_SIGN_IDENTITY[sdk=iphoneos*]" = "iPhone Developer";
				COPY_PHASE_STRIP = NO;
				DEBUG_INFORMATION_FORMAT = dwarf;
				ENABLE_STRICT_OBJC_MSGSEND = YES;
				ENABLE_TESTABILITY = YES;
				GCC_C_LANGUAGE_STANDARD = gnu99;
				GCC_DYNAMIC_NO_PIC = NO;
				GCC_NO_COMMON_BLOCKS = YES;
				GCC_OPTIMIZATION_LEVEL = 0;
				GCC_PREPROCESSOR_DEFINITIONS = (
					"DEBUG=1",
					"$(inherited)",
				);
				GCC_WARN_64_TO_32_BIT_CONVERSION = YES;
				GCC_WARN_ABOUT_RETURN_TYPE = YES_ERROR;
				GCC_WARN_UNDECLARED_SELECTOR = YES;
				GCC_WARN_UNINITIALIZED_AUTOS = YES_AGGRESSIVE;
				GCC_WARN_UNUSED_FUNCTION = YES;
				GCC_WARN_UNUSED_VARIABLE = YES;
				IPHONEOS_DEPLOYMENT_TARGET = 10.3;
				MTL_ENABLE_DEBUG_INFO = YES;
				ONLY_ACTIVE_ARCH = YES;
				SDKROOT = iphoneos;
				SWIFT_ACTIVE_COMPILATION_CONDITIONS = DEBUG;
				SWIFT_OPTIMIZATION_LEVEL = "-Onone";
				TARGETED_DEVICE_FAMILY = "1,2";
			};
			name = Debug;
		};
		8DC280B61F4DE2E600400394 /* Release */ = {
			isa = XCBuildConfiguration;
			buildSettings = {
				ALWAYS_SEARCH_USER_PATHS = NO;
				CLANG_ANALYZER_NONNULL = YES;
				CLANG_ANALYZER_NUMBER_OBJECT_CONVERSION = YES_AGGRESSIVE;
				CLANG_CXX_LANGUAGE_STANDARD = "gnu++0x";
				CLANG_CXX_LIBRARY = "libc++";
				CLANG_ENABLE_MODULES = YES;
				CLANG_ENABLE_OBJC_ARC = YES;
				CLANG_WARN_BOOL_CONVERSION = YES;
				CLANG_WARN_CONSTANT_CONVERSION = YES;
				CLANG_WARN_DIRECT_OBJC_ISA_USAGE = YES_ERROR;
				CLANG_WARN_DOCUMENTATION_COMMENTS = YES;
				CLANG_WARN_EMPTY_BODY = YES;
				CLANG_WARN_ENUM_CONVERSION = YES;
				CLANG_WARN_INFINITE_RECURSION = YES;
				CLANG_WARN_INT_CONVERSION = YES;
				CLANG_WARN_OBJC_ROOT_CLASS = YES_ERROR;
				CLANG_WARN_SUSPICIOUS_MOVE = YES;
				CLANG_WARN_UNREACHABLE_CODE = YES;
				CLANG_WARN__DUPLICATE_METHOD_MATCH = YES;
				"CODE_SIGN_IDENTITY[sdk=iphoneos*]" = "iPhone Developer";
				COPY_PHASE_STRIP = NO;
				DEBUG_INFORMATION_FORMAT = "dwarf-with-dsym";
				ENABLE_NS_ASSERTIONS = NO;
				ENABLE_STRICT_OBJC_MSGSEND = YES;
				GCC_C_LANGUAGE_STANDARD = gnu99;
				GCC_NO_COMMON_BLOCKS = YES;
				GCC_WARN_64_TO_32_BIT_CONVERSION = YES;
				GCC_WARN_ABOUT_RETURN_TYPE = YES_ERROR;
				GCC_WARN_UNDECLARED_SELECTOR = YES;
				GCC_WARN_UNINITIALIZED_AUTOS = YES_AGGRESSIVE;
				GCC_WARN_UNUSED_FUNCTION = YES;
				GCC_WARN_UNUSED_VARIABLE = YES;
				IPHONEOS_DEPLOYMENT_TARGET = 10.3;
				MTL_ENABLE_DEBUG_INFO = NO;
				SDKROOT = iphoneos;
				SWIFT_OPTIMIZATION_LEVEL = "-Owholemodule";
				TARGETED_DEVICE_FAMILY = "1,2";
				VALIDATE_PRODUCT = YES;
			};
			name = Release;
		};
		8DC280B81F4DE2E600400394 /* Debug */ = {
			isa = XCBuildConfiguration;
			buildSettings = {
				ASSETCATALOG_COMPILER_APPICON_NAME = AppIcon;
				DEVELOPMENT_TEAM = MJH3NZ4PKT;
				INFOPLIST_FILE = "$(SRCROOT)/Camelia/Main/Info.plist";
				IPHONEOS_DEPLOYMENT_TARGET = 8.0;
				LD_RUNPATH_SEARCH_PATHS = "$(inherited) @executable_path/Frameworks";
				PRODUCT_BUNDLE_IDENTIFIER = com.softlight.SampleApp;
				PRODUCT_NAME = "$(TARGET_NAME)";
				SWIFT_VERSION = 3.0;
			};
			name = Debug;
		};
		8DC280B91F4DE2E600400394 /* Release */ = {
			isa = XCBuildConfiguration;
			buildSettings = {
				ASSETCATALOG_COMPILER_APPICON_NAME = AppIcon;
				DEVELOPMENT_TEAM = MJH3NZ4PKT;
				INFOPLIST_FILE = "$(SRCROOT)/Camelia/Main/Info.plist";
				IPHONEOS_DEPLOYMENT_TARGET = 8.0;
				LD_RUNPATH_SEARCH_PATHS = "$(inherited) @executable_path/Frameworks";
				PRODUCT_BUNDLE_IDENTIFIER = com.softlight.SampleApp;
				PRODUCT_NAME = "$(TARGET_NAME)";
				SWIFT_VERSION = 3.0;
			};
			name = Release;
		};
/* End XCBuildConfiguration section */

/* Begin XCConfigurationList section */
		8DC280A01F4DE2E600400394 /* Build configuration list for PBXProject "Camelia" */ = {
			isa = XCConfigurationList;
			buildConfigurations = (
				8DC280B51F4DE2E600400394 /* Debug */,
				8DC280B61F4DE2E600400394 /* Release */,
			);
			defaultConfigurationIsVisible = 0;
			defaultConfigurationName = Release;
		};
		8DC280B71F4DE2E600400394 /* Build configuration list for PBXNativeTarget "Camelia" */ = {
			isa = XCConfigurationList;
			buildConfigurations = (
				8DC280B81F4DE2E600400394 /* Debug */,
				8DC280B91F4DE2E600400394 /* Release */,
			);
			defaultConfigurationIsVisible = 0;
			defaultConfigurationName = Release;
		};
/* End XCConfigurationList section */
	};
	rootObject = 8DC2809D1F4DE2E600400394 /* Project object */;
}
